
Microsoft Visual Studio Solution File, Format Version 12.00
# Visual Studio 15
VisualStudioVersion = 15.0.26730.15
MinimumVisualStudioVersion = 10.0.40219.1
Project("{FAE04EC0-301F-11D3-BF4B-00C04F79EFBC}") = "SaturnV", "SaturnV\SaturnV.csproj", "{E96DE7C7-EEEB-451C-9535-52B7EF262F63}"
EndProject
Project("{FAE04EC0-301F-11D3-BF4B-00C04F79EFBC}") = "SaturnV.Tests", "SaturnV.Tests\SaturnV.Tests.csproj", "{F668711A-B408-435F-95DA-8A8FF1115620}"
EndProject
Global
	GlobalSection(SolutionConfigurationPlatforms) = preSolution
		Debug|Any CPU = Debug|Any CPU
		Release|Any CPU = Release|Any CPU
	EndGlobalSection
	GlobalSection(ProjectConfigurationPlatforms) = postSolution
		{E96DE7C7-EEEB-451C-9535-52B7EF262F63}.Debug|Any CPU.ActiveCfg = Debug|Any CPU
		{E96DE7C7-EEEB-451C-9535-52B7EF262F63}.Debug|Any CPU.Build.0 = Debug|Any CPU
		{E96DE7C7-EEEB-451C-9535-52B7EF262F63}.Release|Any CPU.ActiveCfg = Release|Any CPU
		{E96DE7C7-EEEB-451C-9535-52B7EF262F63}.Release|Any CPU.Build.0 = Release|Any CPU
		{F668711A-B408-435F-95DA-8A8FF1115620}.Debug|Any CPU.ActiveCfg = Debug|Any CPU
		{F668711A-B408-435F-95DA-8A8FF1115620}.Debug|Any CPU.Build.0 = Debug|Any CPU
		{F668711A-B408-435F-95DA-8A8FF1115620}.Release|Any CPU.ActiveCfg = Release|Any CPU
		{F668711A-B408-435F-95DA-8A8FF1115620}.Release|Any CPU.Build.0 = Release|Any CPU
	EndGlobalSection
	GlobalSection(SolutionProperties) = preSolution
		HideSolutionNode = FALSE
	EndGlobalSection
	GlobalSection(ExtensibilityGlobals) = postSolution
		SolutionGuid = {E36570EA-2CD7-40D3-AE9F-BA03EA188545}
	EndGlobalSection
EndGlobal
